# THIS IS AN AUTOGENERATED FILE. DO NOT EDIT THIS FILE DIRECTLY.
# yarn lockfile v1


"@tonaljs/abc-notation@^4.5.1":
  version "4.5.1"
  resolved "https://registry.yarnpkg.com/@tonaljs/abc-notation/-/abc-notation-4.5.1.tgz#7efc562e43badd8e682131c8d9bbeb7ad4d047fb"
  integrity sha512-xapFuj1e7jyNSPq0qiW9ohW0CbdI4nDy0qIQJ+zyLvTD6i8r3ZvQN5DRdemYYl2VAaxkHh1zPhuaHOucHK2kRQ==
  dependencies:
    "@tonaljs/core" "^4.5.1"

"@tonaljs/array@^4.5.1":
  version "4.5.1"
  resolved "https://registry.yarnpkg.com/@tonaljs/array/-/array-4.5.1.tgz#afdfe9143d3741ebf2d9f70e8b9d157ddcab416c"
  integrity sha512-QDHke1btJCDtUPqbuhySkaeR2c5FEyH7wt7tCIiQwOCYbC6wabksH9zo0cbbvc0yOdy96RKqHv+mNcUu9rp0oA==
  dependencies:
    "@tonaljs/core" "^4.5.1"

"@tonaljs/chord-detect@^4.5.1":
  version "4.5.1"
  resolved "https://registry.yarnpkg.com/@tonaljs/chord-detect/-/chord-detect-4.5.1.tgz#a393c31c7d169aceaddbb9df7a05407f0ea298c2"
  integrity sha512-rA6vSLsd0b+oTEg3qZicsARXix49jKMoQLpqYnFWfNwSEop0eWcTv5cORJ6vcRrML+9TkXr9qtbZyvzK4Ev2Qw==
  dependencies:
    "@tonaljs/chord-type" "^4.5.1"
    "@tonaljs/core" "^4.5.1"
    "@tonaljs/pcset" "^4.5.1"

"@tonaljs/chord-type@^4.5.1":
  version "4.5.1"
  resolved "https://registry.yarnpkg.com/@tonaljs/chord-type/-/chord-type-4.5.1.tgz#c92dfb04517816c771cd829c690134bf5494e235"
  integrity sha512-QHrQEnBmjqdOpuJ2Bs4vqX4Z6gAo3LtUOHiJuoj8KyEHvUelmgj4UwXz7mQYc2eSyrpyBzhkPsZXbMXn4frZ+Q==
  dependencies:
    "@tonaljs/core" "^4.5.1"
    "@tonaljs/pcset" "^4.5.1"

"@tonaljs/chord@^4.5.1":
  version "4.5.1"
  resolved "https://registry.yarnpkg.com/@tonaljs/chord/-/chord-4.5.1.tgz#4ea3cfa60a3066faf7aa8afb5cc5e182d9fda1fc"
  integrity sha512-lPvJ96L61m0aJsB8eEagx3yTcoJZMTXIxzoKVg2ge9xtPI9Iq5p5Y3aX5fkb12HpOu2Hoas3Kg2favCN0AENpw==
  dependencies:
    "@tonaljs/chord-detect" "^4.5.1"
    "@tonaljs/chord-type" "^4.5.1"
    "@tonaljs/collection" "^4.5.1"
    "@tonaljs/core" "^4.5.1"
    "@tonaljs/pcset" "^4.5.1"
    "@tonaljs/scale-type" "^4.5.1"

"@tonaljs/collection@^4.5.1":
  version "4.5.1"
  resolved "https://registry.yarnpkg.com/@tonaljs/collection/-/collection-4.5.1.tgz#8ca162020f1cd62078e38cc6c30dfb32a9837b8a"
  integrity sha512-MEKjbJaS4SNUsIegW+IIGXgUZGs+Q/W9nSvdJWJnE0Jnxk76mNUNBzfT3OZBsDAlup/uazbEwzmaMHKvoXlAnA==

"@tonaljs/core@^4.5.1":
  version "4.5.1"
  resolved "https://registry.yarnpkg.com/@tonaljs/core/-/core-4.5.1.tgz#7297a75c0a8fce6feda836b2e1aec93bfd1c83fb"
  integrity sha512-dJxnI3wKZkgMhhrzV9gR+JBUUncgKcU2sxriVR53xCrxInwd7ql00018y21V8X9wsiMwyFjpGwlmegQEw13fkg==

"@tonaljs/duration-value@^4.5.1":
  version "4.5.1"
  resolved "https://registry.yarnpkg.com/@tonaljs/duration-value/-/duration-value-4.5.1.tgz#cd2149486896d3a9457ada31f41e49a65c6cb6c8"
  integrity sha512-J4ABYcLheOFsnVIY2mqZhHIekepuO0fDZ2KB+6DOnslkNXrYjKT4H1H/qv4/gLOZzbcDfYyj43e5jag+4BcL4w==

"@tonaljs/interval@^4.5.1":
  version "4.5.1"
  resolved "https://registry.yarnpkg.com/@tonaljs/interval/-/interval-4.5.1.tgz#845db15e474f25abe3b839c27da06e2d815f4646"
  integrity sha512-nqu7h8Lq8t6hhITRqcC8oLZhq+KSTHZbV29af7cSrYanZb0/mzJUg3GcGLAyMoUksKo40A5ArRcaWXvoWighLg==
  dependencies:
    "@tonaljs/core" "^4.5.1"

"@tonaljs/key@^4.5.1":
  version "4.5.1"
  resolved "https://registry.yarnpkg.com/@tonaljs/key/-/key-4.5.1.tgz#87bdba6d4609ddd39d5744e19ad32a8765862456"
  integrity sha512-DeiUUhuuy8uYutHc9lQLnnAIx5x0DsJiWXi090TRYYoTCePGk0/VFvuWe9C4OKlcNnV//qzehGrZ//oYBt6NZA==
  dependencies:
    "@tonaljs/core" "^4.5.1"
    "@tonaljs/note" "^4.5.1"
    "@tonaljs/roman-numeral" "^4.5.1"

"@tonaljs/midi@^4.5.1":
  version "4.5.1"
  resolved "https://registry.yarnpkg.com/@tonaljs/midi/-/midi-4.5.1.tgz#9e6a07b7dfd1584d7df41bc0d648ae8a946e4fb7"
  integrity sha512-CMfBtouilxGRR+lrmjiupMD10KRCanMvFVbGdcmwHRDNBQFtUw2fOUQoWdinEwky2KFPbuxpQ2vXibmiAViH/Q==
  dependencies:
    "@tonaljs/core" "^4.5.1"

"@tonaljs/mode@^4.5.1":
  version "4.5.1"
  resolved "https://registry.yarnpkg.com/@tonaljs/mode/-/mode-4.5.1.tgz#d86fb2da97868ab609d2ed05c434ac5b79181e60"
  integrity sha512-NFygHwxyyp+k3DioLhVQaI4FiEumKYANqgY3hvjf9e4dfnb6GbE4692KvDTX5Tgmg7wCcJDWs6s1YtAbFbAZbw==
  dependencies:
    "@tonaljs/collection" "^4.5.1"
    "@tonaljs/core" "^4.5.1"
    "@tonaljs/interval" "^4.5.1"
    "@tonaljs/pcset" "^4.5.1"

"@tonaljs/note@^4.5.1":
  version "4.5.1"
  resolved "https://registry.yarnpkg.com/@tonaljs/note/-/note-4.5.1.tgz#a65b4664a7dbe94e2e2c9c9bccd863ab7fed6073"
  integrity sha512-jlyzrMaM+57JGJ3598xFfohJPk2xL/iMorkm7a36yIeCho5w6281abkHnH3zbezND1dwEQ/xEAlh/iTHmdrB5A==
  dependencies:
    "@tonaljs/core" "^4.5.1"
    "@tonaljs/midi" "^4.5.1"

"@tonaljs/pcset@^4.5.1":
  version "4.5.1"
  resolved "https://registry.yarnpkg.com/@tonaljs/pcset/-/pcset-4.5.1.tgz#83b7ff5e998a1de2302c3857aa1d093c364fb2ab"
  integrity sha512-v5xGgwadWidd0lZa1T7JdtelcqcRTtv9cEv+JXbRsjVn6WNLcRbfnA3dHrveJ8CysK45Bnuh3gvG1fu9SOZesA==
  dependencies:
    "@tonaljs/collection" "^4.5.1"
    "@tonaljs/core" "^4.5.1"

"@tonaljs/progression@^4.5.1":
  version "4.5.1"
  resolved "https://registry.yarnpkg.com/@tonaljs/progression/-/progression-4.5.1.tgz#3ad494081bb7f00d2d9a35df9e35c371a0427052"
  integrity sha512-xXEAMSKQs2PhrgPRP/hqn+AHKv+UcsryCRrLSQTEntY1AQW6eWlCIxWkgKASXRS926Y+eiGp6fdCR/4T5+wunQ==
  dependencies:
    "@tonaljs/chord" "^4.5.1"
    "@tonaljs/core" "^4.5.1"
    "@tonaljs/roman-numeral" "^4.5.1"

"@tonaljs/range@^4.5.1":
  version "4.5.1"
  resolved "https://registry.yarnpkg.com/@tonaljs/range/-/range-4.5.1.tgz#7062b991d7d03789a3829fe079134d699251b11a"
  integrity sha512-wHxy6o5TGtHSR0YcLAIUFcjg5D8GNHvQEAOXDujgakZ60hRxjYdIVMBcyFVbP4hd9zHGKRb8IqcwdtmWcWlcNw==
  dependencies:
    "@tonaljs/collection" "^4.5.1"
    "@tonaljs/midi" "^4.5.1"

"@tonaljs/roman-numeral@^4.5.1":
  version "4.5.1"
  resolved "https://registry.yarnpkg.com/@tonaljs/roman-numeral/-/roman-numeral-4.5.1.tgz#8361b7cbd0db939a773de2b36690bea411568f75"
  integrity sha512-esdWyFd/g8zzsreRa6fj4k7hCnOqtSJdClgVkikUcatDu0DA8NRlifpPagPx3TDikU0vF/jb2WoWITjLO7NMYA==
  dependencies:
    "@tonaljs/core" "^4.5.1"

"@tonaljs/scale-type@^4.5.1":
  version "4.5.1"
  resolved "https://registry.yarnpkg.com/@tonaljs/scale-type/-/scale-type-4.5.1.tgz#95458daa6dd7013d03a2d667442fe08ce7a31078"
  integrity sha512-FgOkAJ4+6hmMgCMY6AWD4lFv/FOeO4HiGY7ZcYvpyUB22oE9uQyrcXs3E18BFrsnr3Y9RXwvg5qW7/VUI33Ocg==
  dependencies:
    "@tonaljs/core" "^4.5.1"
    "@tonaljs/pcset" "^4.5.1"

"@tonaljs/scale@^4.5.1":
  version "4.5.1"
  resolved "https://registry.yarnpkg.com/@tonaljs/scale/-/scale-4.5.1.tgz#559aa1c995eda5b81cb6c7742fae428255edb552"
  integrity sha512-3qyPYIVFkrhbagl97jqAMtEnpeatjwDPkaz5KNuob3lVKxD9ImuKF6NAqZfIabq0I6MhagcSjt0ckg517vIkzw==
  dependencies:
    "@tonaljs/chord-type" "^4.5.1"
    "@tonaljs/collection" "^4.5.1"
    "@tonaljs/core" "^4.5.1"
    "@tonaljs/note" "^4.5.1"
    "@tonaljs/pcset" "^4.5.1"
    "@tonaljs/scale-type" "^4.5.1"

"@tonaljs/time-signature@^4.5.1":
  version "4.5.1"
  resolved "https://registry.yarnpkg.com/@tonaljs/time-signature/-/time-signature-4.5.1.tgz#14cad7ad4876891a553829e964b9ce701713bb59"
  integrity sha512-ci35yhEIDniPUCZRG7ey8WYJIzgQchAGLCRggQd20wERPIry2rdItK2w+CVaSxvCy057PPTX6mH6ax/LRsF6PA==

"@tonaljs/tonal@^4.5.1":
  version "4.5.1"
  resolved "https://registry.yarnpkg.com/@tonaljs/tonal/-/tonal-4.5.1.tgz#278cc189199be68960f253fe28245218c8e87059"
  integrity sha512-Ssdfzu83a3ZwHdRVXfDm8HHUUMxNx9TctY1c7JdpyNudoyFgpUpWWNTrhhRvSKqhxAnELTGuBALHpIaOVzGu0g==
  dependencies:
    "@tonaljs/abc-notation" "^4.5.1"
    "@tonaljs/array" "^4.5.1"
    "@tonaljs/chord" "^4.5.1"
    "@tonaljs/chord-type" "^4.5.1"
    "@tonaljs/collection" "^4.5.1"
    "@tonaljs/core" "^4.5.1"
    "@tonaljs/duration-value" "^4.5.1"
    "@tonaljs/interval" "^4.5.1"
    "@tonaljs/key" "^4.5.1"
    "@tonaljs/midi" "^4.5.1"
    "@tonaljs/mode" "^4.5.1"
    "@tonaljs/note" "^4.5.1"
    "@tonaljs/pcset" "^4.5.1"
    "@tonaljs/progression" "^4.5.1"
    "@tonaljs/range" "^4.5.1"
    "@tonaljs/roman-numeral" "^4.5.1"
    "@tonaljs/scale" "^4.5.1"
    "@tonaljs/scale-type" "^4.5.1"
    "@tonaljs/time-signature" "^4.5.1"

bindings@~1.5.0:
  version "1.5.0"
  resolved "https://registry.yarnpkg.com/bindings/-/bindings-1.5.0.tgz#10353c9e945334bc0511a6d90b38fbc7c9c504df"
  integrity sha512-p2q/t/mhvuOj/UeLlV6566GD/guowlr0hHxClI0W9m7MWYkL1F0hLo+0Aexs9HSPCtR1SXQ0TD3MMKrXZajbiQ==
  dependencies:
    file-uri-to-path "1.0.0"

d3-random@^2.2.2:
  version "2.2.2"
  resolved "https://registry.yarnpkg.com/d3-random/-/d3-random-2.2.2.tgz#5eebd209ef4e45a2b362b019c1fb21c2c98cbb6e"
  integrity sha512-0D9P8TRj6qDAtHhRQn6EfdOtHMfsUWanl3yb/84C4DqpZ+VsgfI5iTVRNRbELCfNvRfpMr8OrqqUTQ6ANGCijw==

file-uri-to-path@1.0.0:
  version "1.0.0"
  resolved "https://registry.yarnpkg.com/file-uri-to-path/-/file-uri-to-path-1.0.0.tgz#553a7b8446ff6f684359c445f1e37a05dacc33dd"
  integrity sha512-0Zt+s3L7Vf1biwWZ29aARiVYLx7iMGnEUl9x33fbB/j3jR81u/O2LbqK+Bm1CDSNDKVtJ/YjwY7TUd5SkeLQLw==

midi@^1.0.0:
  version "1.0.0"
  resolved "https://registry.yarnpkg.com/midi/-/midi-1.0.0.tgz#3949c5b055fb30d84adcc8e0975572f8373873e0"
  integrity sha512-BL2xedtLEy2ExJujuvQQNs5Gz1aXv7/wpq3KKZ7FmmTvVfR3eC+OgiwtC+4+9IinsXfQnTNSOBrG2PAjMHi0ZQ==
  dependencies:
    bindings "~1.5.0"
    nan "^2.3.3"

nan@^2.3.3:
  version "2.14.2"
  resolved "https://registry.yarnpkg.com/nan/-/nan-2.14.2.tgz#f5376400695168f4cc694ac9393d0c9585eeea19"
  integrity sha512-M2ufzIiINKCuDfBSAUr1vWQ+vuVcA9kqx8JJUsbQi6yf1uGRyb7HfpdfUr5qLXf3B/t8dPvcjhKMmlfnP47EzQ==

note-parser@^2.0.1:
  version "2.0.1"
  resolved "https://registry.yarnpkg.com/note-parser/-/note-parser-2.0.1.tgz#2438fd57a46894b402b3a2071798660129c8fbc1"
  integrity sha1-JDj9V6RolLQCs6IHF5hmASnI+8E=

tonal-array@^2.2.2:
  version "2.2.2"
  resolved "https://registry.yarnpkg.com/tonal-array/-/tonal-array-2.2.2.tgz#809e2723cebf5c16eef575a7f4bdaaf07499abe4"
  integrity sha512-h6YIq20L0EEU4EsDoKHAjl5kD2EQn467VfV79QHAuybvNCJpqqRNsQ3QNvoQyir1BgDXaDUIN9FEmQJNiaaCKA==
  dependencies:
    tonal-note "^2.2.2"

tonal-dictionary@^2.2.2:
  version "2.2.2"
  resolved "https://registry.yarnpkg.com/tonal-dictionary/-/tonal-dictionary-2.2.2.tgz#54bc92ee07680d9c96597f2d7b1b1fbe87574a13"
  integrity sha512-283ppJl/0lohhlVPMI6t5C6XwaP5Wx0egu9qfG9TLCT2tn4pRwYpXkzGufd9icvkJTgOylOum3+RxWmywUIPIg==
  dependencies:
    tonal-array "^2.2.2"
    tonal-note "^2.2.2"
    tonal-pcset "^2.2.2"

tonal-distance@^2.2.2:
  version "2.2.2"
  resolved "https://registry.yarnpkg.com/tonal-distance/-/tonal-distance-2.2.2.tgz#a9dcffc6d0a559d683c2f84c7b7f0fa3cd240e49"
  integrity sha512-ktA6OapCxaetXJb/JuXD5QwfyB7/G3y3ONby7Kkbezyffc57cnNfjdhlTR9XBR7eSFIY/J1KuhLwMx/qrffT4g==
  dependencies:
    tonal-interval "^2.2.2"
    tonal-note "^2.2.2"

tonal-interval@^2.2.2:
  version "2.2.2"
  resolved "https://registry.yarnpkg.com/tonal-interval/-/tonal-interval-2.2.2.tgz#fe7058ace9c7e80d910a7b60d1d55a27950f0f5d"
  integrity sha512-lrtDU8lH5IAX7YE63OhGGDRpVb4OoGxaN0wDu5XC3sUhXBwjSgNYpHY2D9JI2aWQ/Er9jhQbnw9b0ffkLy34+Q==

tonal-midi@^0.69.7:
  version "0.69.7"
  resolved "https://registry.yarnpkg.com/tonal-midi/-/tonal-midi-0.69.7.tgz#e754ec93f3dbdb28a6d39d42457c33ad245ffa47"
  integrity sha1-51Tsk/Pb2yim051CRXwzrSRf+kc=
  dependencies:
    note-parser "^2.0.1"

tonal-note@^2.2.2:
  version "2.2.2"
  resolved "https://registry.yarnpkg.com/tonal-note/-/tonal-note-2.2.2.tgz#3aeeeeb0e227fd0da9fcbc8e811cf1109081da56"
  integrity sha512-RNK3Nb8PxBEW9yYGStcoczgE8bCYFZ5zfLvYJjvuzLWiwTQmqWOhTzONVobVCGFZ/jgDNwpBEKe/bngL3g3Xfw==

tonal-pcset@^2.2.2:
  version "2.2.2"
  resolved "https://registry.yarnpkg.com/tonal-pcset/-/tonal-pcset-2.2.2.tgz#8080a5998bd95ffc9c0419032e6c2b7f39df027d"
  integrity sha512-PSqhkxzckO6J27W0GxawHYln4wvfDJ7puDmccksyFOBo97UhLnpxiyvBekhiYpkuaMtoZLQC/KALAkEj7lcb+A==
  dependencies:
    tonal-array "^2.2.2"
    tonal-interval "^2.2.2"
    tonal-note "^2.2.2"

tonal-scale@^2.2.2:
  version "2.2.2"
  resolved "https://registry.yarnpkg.com/tonal-scale/-/tonal-scale-2.2.2.tgz#b7c97f8f9881033debda268c1eba4355415e3153"
  integrity sha512-tDb3YCoTF50XOXq9kNhGB1JkInk7qAGN6GQnP/3xkGxkreFFRZyI58jfHlmWf/AH4+IKb/exsOmL6G8Ok/PCRw==
  dependencies:
    tonal-array "^2.2.2"
    tonal-dictionary "^2.2.2"
    tonal-distance "^2.2.2"
    tonal-note "^2.2.2"
    tonal-pcset "^2.2.2"
